<Solution>
  <Folder Name="/src/">
    <Project Path="src/central-de-manutencao.Api/central-de-manutencao.Api.csproj" Id="5429cedd-9e7a-4735-bc23-9ea860efabe2" />
    <Project Path="src/central-de-manutencao.Communication/central-de-manutencao.Communication.csproj" />
  </Folder>
  <Project Path="docker-compose.dcproj">
    <Build />
  </Project>
</Solution>
